
Microsoft Visual Studio Solution File, Format Version 12.00
# Visual Studio 2013
VisualStudioVersion = 12.0.40629.0
MinimumVisualStudioVersion = 10.0.40219.1
Project("{FAE04EC0-301F-11D3-BF4B-00C04F79EFBC}") = "StatTag", "StatTag\StatTag.csproj", "{5DDB8DB2-68B0-4339-BFA7-71339FF7E95F}"
EndProject
Project("{FAE04EC0-301F-11D3-BF4B-00C04F79EFBC}") = "Core", "Core\Core.csproj", "{F77D97B2-EDA9-4F08-8765-41FF692DB52B}"
EndProject
Project("{FAE04EC0-301F-11D3-BF4B-00C04F79EFBC}") = "Core.Tests", "Core.Tests\Core.Tests.csproj", "{9FA3B48A-CA06-4F74-AD68-EF2053B160BC}"
EndProject
Project("{FAE04EC0-301F-11D3-BF4B-00C04F79EFBC}") = "Stata", "Stata\Stata.csproj", "{B3EEC6BD-9314-4BF4-9971-535A87E6DF5D}"
EndProject
Project("{FAE04EC0-301F-11D3-BF4B-00C04F79EFBC}") = "ScintillaNET", "..\ScintillaNET\src\ScintillaNET\ScintillaNET.csproj", "{22AE2386-60F1-476E-9303-61CDB0AAC4CF}"
EndProject
Project("{FAE04EC0-301F-11D3-BF4B-00C04F79EFBC}") = "SAS", "SAS\SAS.csproj", "{F8A2E797-74D8-4FB3-B65F-2F0FB81033F7}"
EndProject
Project("{6141683F-8A12-4E36-9623-2EB02B2C2303}") = "OfficeAddInSetup-x64", "OfficeAddInSetup-x64\OfficeAddInSetup-x64.isproj", "{5F993573-6832-456B-97F5-4FD0E5B57679}"
	ProjectSection(ProjectDependencies) = postProject
		{1E158613-C109-4D13-8AEC-692DCE13E762} = {1E158613-C109-4D13-8AEC-692DCE13E762}
		{37E8DF32-0D37-418E-B976-10F4B36A0073} = {37E8DF32-0D37-418E-B976-10F4B36A0073}
		{22AE2386-60F1-476E-9303-61CDB0AAC4CF} = {22AE2386-60F1-476E-9303-61CDB0AAC4CF}
		{F8A2E797-74D8-4FB3-B65F-2F0FB81033F7} = {F8A2E797-74D8-4FB3-B65F-2F0FB81033F7}
		{5DDB8DB2-68B0-4339-BFA7-71339FF7E95F} = {5DDB8DB2-68B0-4339-BFA7-71339FF7E95F}
		{F77D97B2-EDA9-4F08-8765-41FF692DB52B} = {F77D97B2-EDA9-4F08-8765-41FF692DB52B}
		{B3EEC6BD-9314-4BF4-9971-535A87E6DF5D} = {B3EEC6BD-9314-4BF4-9971-535A87E6DF5D}
	EndProjectSection
EndProject
Project("{6141683F-8A12-4E36-9623-2EB02B2C2303}") = "OfficeAddInSetup-x86", "OfficeAddInSetup-x86\OfficeAddInSetup-x86.isproj", "{93F527FC-2086-46B7-A11A-077AEFFDFF41}"
	ProjectSection(ProjectDependencies) = postProject
		{1E158613-C109-4D13-8AEC-692DCE13E762} = {1E158613-C109-4D13-8AEC-692DCE13E762}
		{37E8DF32-0D37-418E-B976-10F4B36A0073} = {37E8DF32-0D37-418E-B976-10F4B36A0073}
		{22AE2386-60F1-476E-9303-61CDB0AAC4CF} = {22AE2386-60F1-476E-9303-61CDB0AAC4CF}
		{F8A2E797-74D8-4FB3-B65F-2F0FB81033F7} = {F8A2E797-74D8-4FB3-B65F-2F0FB81033F7}
		{5DDB8DB2-68B0-4339-BFA7-71339FF7E95F} = {5DDB8DB2-68B0-4339-BFA7-71339FF7E95F}
		{F77D97B2-EDA9-4F08-8765-41FF692DB52B} = {F77D97B2-EDA9-4F08-8765-41FF692DB52B}
		{B3EEC6BD-9314-4BF4-9971-535A87E6DF5D} = {B3EEC6BD-9314-4BF4-9971-535A87E6DF5D}
	EndProjectSection
EndProject
Project("{FAE04EC0-301F-11D3-BF4B-00C04F79EFBC}") = "R", "R\R.csproj", "{1E158613-C109-4D13-8AEC-692DCE13E762}"
EndProject
Project("{FAE04EC0-301F-11D3-BF4B-00C04F79EFBC}") = "RDotNet", "..\rdotnet\R.NET\RDotNet.csproj", "{0923E1A0-2032-4997-AB73-49E42C4034A9}"
EndProject
Project("{FAE04EC0-301F-11D3-BF4B-00C04F79EFBC}") = "RDotNet.Graphics", "..\rdotnet\RDotNet.Graphics\RDotNet.Graphics.csproj", "{BCADF6CF-2D63-4BD7-BC28-F0AC4F98AE78}"
EndProject
Project("{FAE04EC0-301F-11D3-BF4B-00C04F79EFBC}") = "DynamicInterop", "..\dynamic-interop-dll\DynamicInterop\DynamicInterop.csproj", "{37E8DF32-0D37-418E-B976-10F4B36A0073}"
EndProject
Project("{FAE04EC0-301F-11D3-BF4B-00C04F79EFBC}") = "ScintillaNET FindReplaceDialog", "..\ScintillaNET-FindReplaceDialog\ScintillaNet FindReplaceDialog\ScintillaNET FindReplaceDialog.csproj", "{548FD833-9A3B-41BB-9850-570AFE9A91B7}"
EndProject
Project("{FAE04EC0-301F-11D3-BF4B-00C04F79EFBC}") = "RDotNet.NativeLibrary", "..\rdotnet\RDotNet.NativeLibrary\RDotNet.NativeLibrary.csproj", "{2A089A59-0F22-4484-B442-0FE8BDA10879}"
EndProject
Project("{FAE04EC0-301F-11D3-BF4B-00C04F79EFBC}") = "JupyterKernelManager", "..\JupyterKernelManager\JupyterKernelManager\JupyterKernelManager.csproj", "{EADC745A-47DD-4354-A387-06591DEBB797}"
EndProject
Project("{FAE04EC0-301F-11D3-BF4B-00C04F79EFBC}") = "Jupyter", "Jupyter\Jupyter.csproj", "{7D918FA2-FE9C-4DF4-810D-902E0143F90A}"
EndProject
Project("{FAE04EC0-301F-11D3-BF4B-00C04F79EFBC}") = "EngineTests", "EngineTests\EngineTests.csproj", "{C3D91C06-373D-4D54-AB3B-2AF5163CE917}"
EndProject
Global
	GlobalSection(SolutionConfigurationPlatforms) = preSolution
		CD_ROM|Any CPU = CD_ROM|Any CPU
		CD_ROM|x86 = CD_ROM|x86
		Debug|Any CPU = Debug|Any CPU
		Debug|x86 = Debug|x86
		DVD-5|Any CPU = DVD-5|Any CPU
		DVD-5|x86 = DVD-5|x86
		Release|Any CPU = Release|Any CPU
		Release|x86 = Release|x86
		Signed|Any CPU = Signed|Any CPU
		Signed|x86 = Signed|x86
		SingleImage|Any CPU = SingleImage|Any CPU
		SingleImage|x86 = SingleImage|x86
	EndGlobalSection
	GlobalSection(ProjectConfigurationPlatforms) = postSolution
		{5DDB8DB2-68B0-4339-BFA7-71339FF7E95F}.CD_ROM|Any CPU.ActiveCfg = Release|Any CPU
		{5DDB8DB2-68B0-4339-BFA7-71339FF7E95F}.CD_ROM|Any CPU.Build.0 = Release|Any CPU
		{5DDB8DB2-68B0-4339-BFA7-71339FF7E95F}.CD_ROM|x86.ActiveCfg = Release|x86
		{5DDB8DB2-68B0-4339-BFA7-71339FF7E95F}.CD_ROM|x86.Build.0 = Release|x86
		{5DDB8DB2-68B0-4339-BFA7-71339FF7E95F}.Debug|Any CPU.ActiveCfg = Debug|Any CPU
		{5DDB8DB2-68B0-4339-BFA7-71339FF7E95F}.Debug|Any CPU.Build.0 = Debug|Any CPU
		{5DDB8DB2-68B0-4339-BFA7-71339FF7E95F}.Debug|x86.ActiveCfg = Debug|x86
		{5DDB8DB2-68B0-4339-BFA7-71339FF7E95F}.Debug|x86.Build.0 = Debug|x86
		{5DDB8DB2-68B0-4339-BFA7-71339FF7E95F}.DVD-5|Any CPU.ActiveCfg = Debug|Any CPU
		{5DDB8DB2-68B0-4339-BFA7-71339FF7E95F}.DVD-5|Any CPU.Build.0 = Debug|Any CPU
		{5DDB8DB2-68B0-4339-BFA7-71339FF7E95F}.DVD-5|x86.ActiveCfg = Debug|x86
		{5DDB8DB2-68B0-4339-BFA7-71339FF7E95F}.DVD-5|x86.Build.0 = Debug|x86
		{5DDB8DB2-68B0-4339-BFA7-71339FF7E95F}.Release|Any CPU.ActiveCfg = Release|Any CPU
		{5DDB8DB2-68B0-4339-BFA7-71339FF7E95F}.Release|Any CPU.Build.0 = Release|Any CPU
		{5DDB8DB2-68B0-4339-BFA7-71339FF7E95F}.Release|x86.ActiveCfg = Release|x86
		{5DDB8DB2-68B0-4339-BFA7-71339FF7E95F}.Release|x86.Build.0 = Release|x86
		{5DDB8DB2-68B0-4339-BFA7-71339FF7E95F}.Signed|Any CPU.ActiveCfg = Debug|Any CPU
		{5DDB8DB2-68B0-4339-BFA7-71339FF7E95F}.Signed|Any CPU.Build.0 = Debug|Any CPU
		{5DDB8DB2-68B0-4339-BFA7-71339FF7E95F}.Signed|x86.ActiveCfg = Release|x86
		{5DDB8DB2-68B0-4339-BFA7-71339FF7E95F}.Signed|x86.Build.0 = Release|x86
		{5DDB8DB2-68B0-4339-BFA7-71339FF7E95F}.SingleImage|Any CPU.ActiveCfg = Release|Any CPU
		{5DDB8DB2-68B0-4339-BFA7-71339FF7E95F}.SingleImage|Any CPU.Build.0 = Release|Any CPU
		{5DDB8DB2-68B0-4339-BFA7-71339FF7E95F}.SingleImage|x86.ActiveCfg = Release|x86
		{5DDB8DB2-68B0-4339-BFA7-71339FF7E95F}.SingleImage|x86.Build.0 = Release|x86
		{F77D97B2-EDA9-4F08-8765-41FF692DB52B}.CD_ROM|Any CPU.ActiveCfg = Release|Any CPU
		{F77D97B2-EDA9-4F08-8765-41FF692DB52B}.CD_ROM|Any CPU.Build.0 = Release|Any CPU
		{F77D97B2-EDA9-4F08-8765-41FF692DB52B}.CD_ROM|x86.ActiveCfg = Release|x86
		{F77D97B2-EDA9-4F08-8765-41FF692DB52B}.CD_ROM|x86.Build.0 = Release|x86
		{F77D97B2-EDA9-4F08-8765-41FF692DB52B}.Debug|Any CPU.ActiveCfg = Debug|Any CPU
		{F77D97B2-EDA9-4F08-8765-41FF692DB52B}.Debug|Any CPU.Build.0 = Debug|Any CPU
		{F77D97B2-EDA9-4F08-8765-41FF692DB52B}.Debug|x86.ActiveCfg = Debug|x86
		{F77D97B2-EDA9-4F08-8765-41FF692DB52B}.Debug|x86.Build.0 = Debug|x86
		{F77D97B2-EDA9-4F08-8765-41FF692DB52B}.DVD-5|Any CPU.ActiveCfg = Debug|Any CPU
		{F77D97B2-EDA9-4F08-8765-41FF692DB52B}.DVD-5|Any CPU.Build.0 = Debug|Any CPU
		{F77D97B2-EDA9-4F08-8765-41FF692DB52B}.DVD-5|x86.ActiveCfg = Debug|x86
		{F77D97B2-EDA9-4F08-8765-41FF692DB52B}.DVD-5|x86.Build.0 = Debug|x86
		{F77D97B2-EDA9-4F08-8765-41FF692DB52B}.Release|Any CPU.ActiveCfg = Release|Any CPU
		{F77D97B2-EDA9-4F08-8765-41FF692DB52B}.Release|Any CPU.Build.0 = Release|Any CPU
		{F77D97B2-EDA9-4F08-8765-41FF692DB52B}.Release|x86.ActiveCfg = Release|x86
		{F77D97B2-EDA9-4F08-8765-41FF692DB52B}.Release|x86.Build.0 = Release|x86
		{F77D97B2-EDA9-4F08-8765-41FF692DB52B}.Signed|Any CPU.ActiveCfg = Debug|Any CPU
		{F77D97B2-EDA9-4F08-8765-41FF692DB52B}.Signed|Any CPU.Build.0 = Debug|Any CPU
		{F77D97B2-EDA9-4F08-8765-41FF692DB52B}.Signed|x86.ActiveCfg = Release|x86
		{F77D97B2-EDA9-4F08-8765-41FF692DB52B}.Signed|x86.Build.0 = Release|x86
		{F77D97B2-EDA9-4F08-8765-41FF692DB52B}.SingleImage|Any CPU.ActiveCfg = Release|Any CPU
		{F77D97B2-EDA9-4F08-8765-41FF692DB52B}.SingleImage|Any CPU.Build.0 = Release|Any CPU
		{F77D97B2-EDA9-4F08-8765-41FF692DB52B}.SingleImage|x86.ActiveCfg = Release|x86
		{F77D97B2-EDA9-4F08-8765-41FF692DB52B}.SingleImage|x86.Build.0 = Release|x86
		{9FA3B48A-CA06-4F74-AD68-EF2053B160BC}.CD_ROM|Any CPU.ActiveCfg = Release|Any CPU
		{9FA3B48A-CA06-4F74-AD68-EF2053B160BC}.CD_ROM|Any CPU.Build.0 = Release|Any CPU
		{9FA3B48A-CA06-4F74-AD68-EF2053B160BC}.CD_ROM|x86.ActiveCfg = Release|x86
		{9FA3B48A-CA06-4F74-AD68-EF2053B160BC}.CD_ROM|x86.Build.0 = Release|x86
		{9FA3B48A-CA06-4F74-AD68-EF2053B160BC}.Debug|Any CPU.ActiveCfg = Debug|Any CPU
		{9FA3B48A-CA06-4F74-AD68-EF2053B160BC}.Debug|Any CPU.Build.0 = Debug|Any CPU
		{9FA3B48A-CA06-4F74-AD68-EF2053B160BC}.Debug|x86.ActiveCfg = Debug|x86
		{9FA3B48A-CA06-4F74-AD68-EF2053B160BC}.Debug|x86.Build.0 = Debug|x86
		{9FA3B48A-CA06-4F74-AD68-EF2053B160BC}.DVD-5|Any CPU.ActiveCfg = Debug|Any CPU
		{9FA3B48A-CA06-4F74-AD68-EF2053B160BC}.DVD-5|Any CPU.Build.0 = Debug|Any CPU
		{9FA3B48A-CA06-4F74-AD68-EF2053B160BC}.DVD-5|x86.ActiveCfg = Debug|x86
		{9FA3B48A-CA06-4F74-AD68-EF2053B160BC}.DVD-5|x86.Build.0 = Debug|x86
		{9FA3B48A-CA06-4F74-AD68-EF2053B160BC}.Release|Any CPU.ActiveCfg = Release|Any CPU
		{9FA3B48A-CA06-4F74-AD68-EF2053B160BC}.Release|Any CPU.Build.0 = Release|Any CPU
		{9FA3B48A-CA06-4F74-AD68-EF2053B160BC}.Release|x86.ActiveCfg = Release|x86
		{9FA3B48A-CA06-4F74-AD68-EF2053B160BC}.Release|x86.Build.0 = Release|x86
		{9FA3B48A-CA06-4F74-AD68-EF2053B160BC}.Signed|Any CPU.ActiveCfg = Debug|Any CPU
		{9FA3B48A-CA06-4F74-AD68-EF2053B160BC}.Signed|Any CPU.Build.0 = Debug|Any CPU
		{9FA3B48A-CA06-4F74-AD68-EF2053B160BC}.Signed|x86.ActiveCfg = Release|x86
		{9FA3B48A-CA06-4F74-AD68-EF2053B160BC}.Signed|x86.Build.0 = Release|x86
		{9FA3B48A-CA06-4F74-AD68-EF2053B160BC}.SingleImage|Any CPU.ActiveCfg = Release|Any CPU
		{9FA3B48A-CA06-4F74-AD68-EF2053B160BC}.SingleImage|Any CPU.Build.0 = Release|Any CPU
		{9FA3B48A-CA06-4F74-AD68-EF2053B160BC}.SingleImage|x86.ActiveCfg = Release|x86
		{9FA3B48A-CA06-4F74-AD68-EF2053B160BC}.SingleImage|x86.Build.0 = Release|x86
		{B3EEC6BD-9314-4BF4-9971-535A87E6DF5D}.CD_ROM|Any CPU.ActiveCfg = Release|Any CPU
		{B3EEC6BD-9314-4BF4-9971-535A87E6DF5D}.CD_ROM|Any CPU.Build.0 = Release|Any CPU
		{B3EEC6BD-9314-4BF4-9971-535A87E6DF5D}.CD_ROM|x86.ActiveCfg = Release|x86
		{B3EEC6BD-9314-4BF4-9971-535A87E6DF5D}.CD_ROM|x86.Build.0 = Release|x86
		{B3EEC6BD-9314-4BF4-9971-535A87E6DF5D}.Debug|Any CPU.ActiveCfg = Debug|Any CPU
		{B3EEC6BD-9314-4BF4-9971-535A87E6DF5D}.Debug|Any CPU.Build.0 = Debug|Any CPU
		{B3EEC6BD-9314-4BF4-9971-535A87E6DF5D}.Debug|x86.ActiveCfg = Debug|x86
		{B3EEC6BD-9314-4BF4-9971-535A87E6DF5D}.Debug|x86.Build.0 = Debug|x86
		{B3EEC6BD-9314-4BF4-9971-535A87E6DF5D}.DVD-5|Any CPU.ActiveCfg = Debug|Any CPU
		{B3EEC6BD-9314-4BF4-9971-535A87E6DF5D}.DVD-5|Any CPU.Build.0 = Debug|Any CPU
		{B3EEC6BD-9314-4BF4-9971-535A87E6DF5D}.DVD-5|x86.ActiveCfg = Debug|x86
		{B3EEC6BD-9314-4BF4-9971-535A87E6DF5D}.DVD-5|x86.Build.0 = Debug|x86
		{B3EEC6BD-9314-4BF4-9971-535A87E6DF5D}.Release|Any CPU.ActiveCfg = Release|Any CPU
		{B3EEC6BD-9314-4BF4-9971-535A87E6DF5D}.Release|Any CPU.Build.0 = Release|Any CPU
		{B3EEC6BD-9314-4BF4-9971-535A87E6DF5D}.Release|x86.ActiveCfg = Release|x86
		{B3EEC6BD-9314-4BF4-9971-535A87E6DF5D}.Release|x86.Build.0 = Release|x86
		{B3EEC6BD-9314-4BF4-9971-535A87E6DF5D}.Signed|Any CPU.ActiveCfg = Debug|Any CPU
		{B3EEC6BD-9314-4BF4-9971-535A87E6DF5D}.Signed|Any CPU.Build.0 = Debug|Any CPU
		{B3EEC6BD-9314-4BF4-9971-535A87E6DF5D}.Signed|x86.ActiveCfg = Release|x86
		{B3EEC6BD-9314-4BF4-9971-535A87E6DF5D}.Signed|x86.Build.0 = Release|x86
		{B3EEC6BD-9314-4BF4-9971-535A87E6DF5D}.SingleImage|Any CPU.ActiveCfg = Release|Any CPU
		{B3EEC6BD-9314-4BF4-9971-535A87E6DF5D}.SingleImage|Any CPU.Build.0 = Release|Any CPU
		{B3EEC6BD-9314-4BF4-9971-535A87E6DF5D}.SingleImage|x86.ActiveCfg = Release|x86
		{B3EEC6BD-9314-4BF4-9971-535A87E6DF5D}.SingleImage|x86.Build.0 = Release|x86
		{22AE2386-60F1-476E-9303-61CDB0AAC4CF}.CD_ROM|Any CPU.ActiveCfg = Signed|Any CPU
		{22AE2386-60F1-476E-9303-61CDB0AAC4CF}.CD_ROM|Any CPU.Build.0 = Signed|Any CPU
		{22AE2386-60F1-476E-9303-61CDB0AAC4CF}.CD_ROM|x86.ActiveCfg = Signed|x86
		{22AE2386-60F1-476E-9303-61CDB0AAC4CF}.CD_ROM|x86.Build.0 = Signed|x86
		{22AE2386-60F1-476E-9303-61CDB0AAC4CF}.Debug|Any CPU.ActiveCfg = Debug|Any CPU
		{22AE2386-60F1-476E-9303-61CDB0AAC4CF}.Debug|Any CPU.Build.0 = Debug|Any CPU
		{22AE2386-60F1-476E-9303-61CDB0AAC4CF}.Debug|x86.ActiveCfg = Debug|x86
		{22AE2386-60F1-476E-9303-61CDB0AAC4CF}.Debug|x86.Build.0 = Debug|x86
		{22AE2386-60F1-476E-9303-61CDB0AAC4CF}.DVD-5|Any CPU.ActiveCfg = Debug|Any CPU
		{22AE2386-60F1-476E-9303-61CDB0AAC4CF}.DVD-5|Any CPU.Build.0 = Debug|Any CPU
		{22AE2386-60F1-476E-9303-61CDB0AAC4CF}.DVD-5|x86.ActiveCfg = Debug|x86
		{22AE2386-60F1-476E-9303-61CDB0AAC4CF}.DVD-5|x86.Build.0 = Debug|x86
		{22AE2386-60F1-476E-9303-61CDB0AAC4CF}.Release|Any CPU.ActiveCfg = Release|Any CPU
		{22AE2386-60F1-476E-9303-61CDB0AAC4CF}.Release|Any CPU.Build.0 = Release|Any CPU
		{22AE2386-60F1-476E-9303-61CDB0AAC4CF}.Release|x86.ActiveCfg = Release|x86
		{22AE2386-60F1-476E-9303-61CDB0AAC4CF}.Release|x86.Build.0 = Release|x86
		{22AE2386-60F1-476E-9303-61CDB0AAC4CF}.Signed|Any CPU.ActiveCfg = Signed|Any CPU
		{22AE2386-60F1-476E-9303-61CDB0AAC4CF}.Signed|Any CPU.Build.0 = Signed|Any CPU
		{22AE2386-60F1-476E-9303-61CDB0AAC4CF}.Signed|x86.ActiveCfg = Signed|x86
		{22AE2386-60F1-476E-9303-61CDB0AAC4CF}.Signed|x86.Build.0 = Signed|x86
		{22AE2386-60F1-476E-9303-61CDB0AAC4CF}.SingleImage|Any CPU.ActiveCfg = Signed|Any CPU
		{22AE2386-60F1-476E-9303-61CDB0AAC4CF}.SingleImage|Any CPU.Build.0 = Signed|Any CPU
		{22AE2386-60F1-476E-9303-61CDB0AAC4CF}.SingleImage|x86.ActiveCfg = Signed|x86
		{22AE2386-60F1-476E-9303-61CDB0AAC4CF}.SingleImage|x86.Build.0 = Signed|x86
		{F8A2E797-74D8-4FB3-B65F-2F0FB81033F7}.CD_ROM|Any CPU.ActiveCfg = Release|Any CPU
		{F8A2E797-74D8-4FB3-B65F-2F0FB81033F7}.CD_ROM|Any CPU.Build.0 = Release|Any CPU
		{F8A2E797-74D8-4FB3-B65F-2F0FB81033F7}.CD_ROM|x86.ActiveCfg = Release|x86
		{F8A2E797-74D8-4FB3-B65F-2F0FB81033F7}.CD_ROM|x86.Build.0 = Release|x86
		{F8A2E797-74D8-4FB3-B65F-2F0FB81033F7}.Debug|Any CPU.ActiveCfg = Debug|Any CPU
		{F8A2E797-74D8-4FB3-B65F-2F0FB81033F7}.Debug|Any CPU.Build.0 = Debug|Any CPU
		{F8A2E797-74D8-4FB3-B65F-2F0FB81033F7}.Debug|x86.ActiveCfg = Debug|x86
		{F8A2E797-74D8-4FB3-B65F-2F0FB81033F7}.Debug|x86.Build.0 = Debug|x86
		{F8A2E797-74D8-4FB3-B65F-2F0FB81033F7}.DVD-5|Any CPU.ActiveCfg = Debug|Any CPU
		{F8A2E797-74D8-4FB3-B65F-2F0FB81033F7}.DVD-5|Any CPU.Build.0 = Debug|Any CPU
		{F8A2E797-74D8-4FB3-B65F-2F0FB81033F7}.DVD-5|x86.ActiveCfg = Debug|x86
		{F8A2E797-74D8-4FB3-B65F-2F0FB81033F7}.DVD-5|x86.Build.0 = Debug|x86
		{F8A2E797-74D8-4FB3-B65F-2F0FB81033F7}.Release|Any CPU.ActiveCfg = Release|Any CPU
		{F8A2E797-74D8-4FB3-B65F-2F0FB81033F7}.Release|Any CPU.Build.0 = Release|Any CPU
		{F8A2E797-74D8-4FB3-B65F-2F0FB81033F7}.Release|x86.ActiveCfg = Release|x86
		{F8A2E797-74D8-4FB3-B65F-2F0FB81033F7}.Release|x86.Build.0 = Release|x86
		{F8A2E797-74D8-4FB3-B65F-2F0FB81033F7}.Signed|Any CPU.ActiveCfg = Release|Any CPU
		{F8A2E797-74D8-4FB3-B65F-2F0FB81033F7}.Signed|Any CPU.Build.0 = Release|Any CPU
		{F8A2E797-74D8-4FB3-B65F-2F0FB81033F7}.Signed|x86.ActiveCfg = Release|x86
		{F8A2E797-74D8-4FB3-B65F-2F0FB81033F7}.Signed|x86.Build.0 = Release|x86
		{F8A2E797-74D8-4FB3-B65F-2F0FB81033F7}.SingleImage|Any CPU.ActiveCfg = Release|Any CPU
		{F8A2E797-74D8-4FB3-B65F-2F0FB81033F7}.SingleImage|Any CPU.Build.0 = Release|Any CPU
		{F8A2E797-74D8-4FB3-B65F-2F0FB81033F7}.SingleImage|x86.ActiveCfg = Release|x86
		{F8A2E797-74D8-4FB3-B65F-2F0FB81033F7}.SingleImage|x86.Build.0 = Release|x86
		{5F993573-6832-456B-97F5-4FD0E5B57679}.CD_ROM|Any CPU.ActiveCfg = CD_ROM
		{5F993573-6832-456B-97F5-4FD0E5B57679}.CD_ROM|Any CPU.Build.0 = CD_ROM
		{5F993573-6832-456B-97F5-4FD0E5B57679}.CD_ROM|x86.ActiveCfg = CD_ROM
		{5F993573-6832-456B-97F5-4FD0E5B57679}.CD_ROM|x86.Build.0 = CD_ROM
		{5F993573-6832-456B-97F5-4FD0E5B57679}.Debug|Any CPU.ActiveCfg = DVD-5
		{5F993573-6832-456B-97F5-4FD0E5B57679}.Debug|Any CPU.Build.0 = DVD-5
		{5F993573-6832-456B-97F5-4FD0E5B57679}.Debug|x86.ActiveCfg = DVD-5
		{5F993573-6832-456B-97F5-4FD0E5B57679}.Debug|x86.Build.0 = DVD-5
		{5F993573-6832-456B-97F5-4FD0E5B57679}.DVD-5|Any CPU.ActiveCfg = DVD-5
		{5F993573-6832-456B-97F5-4FD0E5B57679}.DVD-5|Any CPU.Build.0 = DVD-5
		{5F993573-6832-456B-97F5-4FD0E5B57679}.DVD-5|x86.ActiveCfg = DVD-5
		{5F993573-6832-456B-97F5-4FD0E5B57679}.DVD-5|x86.Build.0 = DVD-5
		{5F993573-6832-456B-97F5-4FD0E5B57679}.Release|Any CPU.ActiveCfg = SingleImage
		{5F993573-6832-456B-97F5-4FD0E5B57679}.Release|Any CPU.Build.0 = SingleImage
		{5F993573-6832-456B-97F5-4FD0E5B57679}.Release|x86.ActiveCfg = SingleImage
		{5F993573-6832-456B-97F5-4FD0E5B57679}.Release|x86.Build.0 = SingleImage
		{5F993573-6832-456B-97F5-4FD0E5B57679}.Signed|Any CPU.ActiveCfg = SingleImage
		{5F993573-6832-456B-97F5-4FD0E5B57679}.Signed|Any CPU.Build.0 = SingleImage
		{5F993573-6832-456B-97F5-4FD0E5B57679}.Signed|x86.ActiveCfg = SingleImage
		{5F993573-6832-456B-97F5-4FD0E5B57679}.Signed|x86.Build.0 = SingleImage
		{5F993573-6832-456B-97F5-4FD0E5B57679}.SingleImage|Any CPU.ActiveCfg = SingleImage
		{5F993573-6832-456B-97F5-4FD0E5B57679}.SingleImage|Any CPU.Build.0 = SingleImage
		{5F993573-6832-456B-97F5-4FD0E5B57679}.SingleImage|x86.ActiveCfg = SingleImage
		{5F993573-6832-456B-97F5-4FD0E5B57679}.SingleImage|x86.Build.0 = SingleImage
		{93F527FC-2086-46B7-A11A-077AEFFDFF41}.CD_ROM|Any CPU.ActiveCfg = CD_ROM
		{93F527FC-2086-46B7-A11A-077AEFFDFF41}.CD_ROM|Any CPU.Build.0 = CD_ROM
		{93F527FC-2086-46B7-A11A-077AEFFDFF41}.CD_ROM|x86.ActiveCfg = CD_ROM
		{93F527FC-2086-46B7-A11A-077AEFFDFF41}.CD_ROM|x86.Build.0 = CD_ROM
		{93F527FC-2086-46B7-A11A-077AEFFDFF41}.Debug|Any CPU.ActiveCfg = DVD-5
		{93F527FC-2086-46B7-A11A-077AEFFDFF41}.Debug|Any CPU.Build.0 = DVD-5
		{93F527FC-2086-46B7-A11A-077AEFFDFF41}.Debug|x86.ActiveCfg = DVD-5
		{93F527FC-2086-46B7-A11A-077AEFFDFF41}.Debug|x86.Build.0 = DVD-5
		{93F527FC-2086-46B7-A11A-077AEFFDFF41}.DVD-5|Any CPU.ActiveCfg = DVD-5
		{93F527FC-2086-46B7-A11A-077AEFFDFF41}.DVD-5|Any CPU.Build.0 = DVD-5
		{93F527FC-2086-46B7-A11A-077AEFFDFF41}.DVD-5|x86.ActiveCfg = DVD-5
		{93F527FC-2086-46B7-A11A-077AEFFDFF41}.DVD-5|x86.Build.0 = DVD-5
		{93F527FC-2086-46B7-A11A-077AEFFDFF41}.Release|Any CPU.ActiveCfg = SingleImage
		{93F527FC-2086-46B7-A11A-077AEFFDFF41}.Release|Any CPU.Build.0 = SingleImage
		{93F527FC-2086-46B7-A11A-077AEFFDFF41}.Release|x86.ActiveCfg = SingleImage
		{93F527FC-2086-46B7-A11A-077AEFFDFF41}.Release|x86.Build.0 = SingleImage
		{93F527FC-2086-46B7-A11A-077AEFFDFF41}.Signed|Any CPU.ActiveCfg = SingleImage
		{93F527FC-2086-46B7-A11A-077AEFFDFF41}.Signed|Any CPU.Build.0 = SingleImage
		{93F527FC-2086-46B7-A11A-077AEFFDFF41}.Signed|x86.ActiveCfg = SingleImage
		{93F527FC-2086-46B7-A11A-077AEFFDFF41}.Signed|x86.Build.0 = SingleImage
		{93F527FC-2086-46B7-A11A-077AEFFDFF41}.SingleImage|Any CPU.ActiveCfg = SingleImage
		{93F527FC-2086-46B7-A11A-077AEFFDFF41}.SingleImage|Any CPU.Build.0 = SingleImage
		{93F527FC-2086-46B7-A11A-077AEFFDFF41}.SingleImage|x86.ActiveCfg = SingleImage
		{93F527FC-2086-46B7-A11A-077AEFFDFF41}.SingleImage|x86.Build.0 = SingleImage
		{1E158613-C109-4D13-8AEC-692DCE13E762}.CD_ROM|Any CPU.ActiveCfg = Release|Any CPU
		{1E158613-C109-4D13-8AEC-692DCE13E762}.CD_ROM|Any CPU.Build.0 = Release|Any CPU
		{1E158613-C109-4D13-8AEC-692DCE13E762}.CD_ROM|x86.ActiveCfg = Release|Any CPU
		{1E158613-C109-4D13-8AEC-692DCE13E762}.Debug|Any CPU.ActiveCfg = Debug|Any CPU
		{1E158613-C109-4D13-8AEC-692DCE13E762}.Debug|Any CPU.Build.0 = Debug|Any CPU
		{1E158613-C109-4D13-8AEC-692DCE13E762}.Debug|x86.ActiveCfg = Debug|Any CPU
		{1E158613-C109-4D13-8AEC-692DCE13E762}.DVD-5|Any CPU.ActiveCfg = Debug|Any CPU
		{1E158613-C109-4D13-8AEC-692DCE13E762}.DVD-5|Any CPU.Build.0 = Debug|Any CPU
		{1E158613-C109-4D13-8AEC-692DCE13E762}.DVD-5|x86.ActiveCfg = Debug|Any CPU
		{1E158613-C109-4D13-8AEC-692DCE13E762}.Release|Any CPU.ActiveCfg = Release|Any CPU
		{1E158613-C109-4D13-8AEC-692DCE13E762}.Release|Any CPU.Build.0 = Release|Any CPU
		{1E158613-C109-4D13-8AEC-692DCE13E762}.Release|x86.ActiveCfg = Release|x86
		{1E158613-C109-4D13-8AEC-692DCE13E762}.Release|x86.Build.0 = Release|x86
		{1E158613-C109-4D13-8AEC-692DCE13E762}.Signed|Any CPU.ActiveCfg = Release|Any CPU
		{1E158613-C109-4D13-8AEC-692DCE13E762}.Signed|Any CPU.Build.0 = Release|Any CPU
		{1E158613-C109-4D13-8AEC-692DCE13E762}.Signed|x86.ActiveCfg = Release|Any CPU
		{1E158613-C109-4D13-8AEC-692DCE13E762}.SingleImage|Any CPU.ActiveCfg = Release|Any CPU
		{1E158613-C109-4D13-8AEC-692DCE13E762}.SingleImage|Any CPU.Build.0 = Release|Any CPU
		{1E158613-C109-4D13-8AEC-692DCE13E762}.SingleImage|x86.ActiveCfg = Release|Any CPU
		{0923E1A0-2032-4997-AB73-49E42C4034A9}.CD_ROM|Any CPU.ActiveCfg = Release|Any CPU
		{0923E1A0-2032-4997-AB73-49E42C4034A9}.CD_ROM|Any CPU.Build.0 = Release|Any CPU
		{0923E1A0-2032-4997-AB73-49E42C4034A9}.CD_ROM|x86.ActiveCfg = Release|Any CPU
		{0923E1A0-2032-4997-AB73-49E42C4034A9}.Debug|Any CPU.ActiveCfg = Debug|Any CPU
		{0923E1A0-2032-4997-AB73-49E42C4034A9}.Debug|Any CPU.Build.0 = Debug|Any CPU
		{0923E1A0-2032-4997-AB73-49E42C4034A9}.Debug|x86.ActiveCfg = Debug|Any CPU
		{0923E1A0-2032-4997-AB73-49E42C4034A9}.DVD-5|Any CPU.ActiveCfg = Debug|Any CPU
		{0923E1A0-2032-4997-AB73-49E42C4034A9}.DVD-5|Any CPU.Build.0 = Debug|Any CPU
		{0923E1A0-2032-4997-AB73-49E42C4034A9}.DVD-5|x86.ActiveCfg = Debug|Any CPU
		{0923E1A0-2032-4997-AB73-49E42C4034A9}.Release|Any CPU.ActiveCfg = Release|Any CPU
		{0923E1A0-2032-4997-AB73-49E42C4034A9}.Release|Any CPU.Build.0 = Release|Any CPU
		{0923E1A0-2032-4997-AB73-49E42C4034A9}.Release|x86.ActiveCfg = Release|x86
		{0923E1A0-2032-4997-AB73-49E42C4034A9}.Release|x86.Build.0 = Release|x86
		{0923E1A0-2032-4997-AB73-49E42C4034A9}.Signed|Any CPU.ActiveCfg = Release|Any CPU
		{0923E1A0-2032-4997-AB73-49E42C4034A9}.Signed|Any CPU.Build.0 = Release|Any CPU
		{0923E1A0-2032-4997-AB73-49E42C4034A9}.Signed|x86.ActiveCfg = Release|Any CPU
		{0923E1A0-2032-4997-AB73-49E42C4034A9}.SingleImage|Any CPU.ActiveCfg = Release|Any CPU
		{0923E1A0-2032-4997-AB73-49E42C4034A9}.SingleImage|Any CPU.Build.0 = Release|Any CPU
		{0923E1A0-2032-4997-AB73-49E42C4034A9}.SingleImage|x86.ActiveCfg = Release|Any CPU
		{BCADF6CF-2D63-4BD7-BC28-F0AC4F98AE78}.CD_ROM|Any CPU.ActiveCfg = Debug|Any CPU
		{BCADF6CF-2D63-4BD7-BC28-F0AC4F98AE78}.CD_ROM|Any CPU.Build.0 = Debug|Any CPU
		{BCADF6CF-2D63-4BD7-BC28-F0AC4F98AE78}.CD_ROM|x86.ActiveCfg = Debug|Any CPU
		{BCADF6CF-2D63-4BD7-BC28-F0AC4F98AE78}.Debug|Any CPU.ActiveCfg = Debug|Any CPU
		{BCADF6CF-2D63-4BD7-BC28-F0AC4F98AE78}.Debug|Any CPU.Build.0 = Debug|Any CPU
		{BCADF6CF-2D63-4BD7-BC28-F0AC4F98AE78}.Debug|x86.ActiveCfg = Debug|Any CPU
		{BCADF6CF-2D63-4BD7-BC28-F0AC4F98AE78}.DVD-5|Any CPU.ActiveCfg = Debug|Any CPU
		{BCADF6CF-2D63-4BD7-BC28-F0AC4F98AE78}.DVD-5|Any CPU.Build.0 = Debug|Any CPU
		{BCADF6CF-2D63-4BD7-BC28-F0AC4F98AE78}.DVD-5|x86.ActiveCfg = Debug|Any CPU
		{BCADF6CF-2D63-4BD7-BC28-F0AC4F98AE78}.Release|Any CPU.ActiveCfg = Debug|Any CPU
		{BCADF6CF-2D63-4BD7-BC28-F0AC4F98AE78}.Release|Any CPU.Build.0 = Debug|Any CPU
		{BCADF6CF-2D63-4BD7-BC28-F0AC4F98AE78}.Release|x86.ActiveCfg = Debug|x86
		{BCADF6CF-2D63-4BD7-BC28-F0AC4F98AE78}.Release|x86.Build.0 = Debug|x86
		{BCADF6CF-2D63-4BD7-BC28-F0AC4F98AE78}.Signed|Any CPU.ActiveCfg = Debug|Any CPU
		{BCADF6CF-2D63-4BD7-BC28-F0AC4F98AE78}.Signed|Any CPU.Build.0 = Debug|Any CPU
		{BCADF6CF-2D63-4BD7-BC28-F0AC4F98AE78}.Signed|x86.ActiveCfg = Debug|Any CPU
		{BCADF6CF-2D63-4BD7-BC28-F0AC4F98AE78}.SingleImage|Any CPU.ActiveCfg = Debug|Any CPU
		{BCADF6CF-2D63-4BD7-BC28-F0AC4F98AE78}.SingleImage|Any CPU.Build.0 = Debug|Any CPU
		{BCADF6CF-2D63-4BD7-BC28-F0AC4F98AE78}.SingleImage|x86.ActiveCfg = Debug|Any CPU
		{37E8DF32-0D37-418E-B976-10F4B36A0073}.CD_ROM|Any CPU.ActiveCfg = Release|Any CPU
		{37E8DF32-0D37-418E-B976-10F4B36A0073}.CD_ROM|Any CPU.Build.0 = Release|Any CPU
		{37E8DF32-0D37-418E-B976-10F4B36A0073}.CD_ROM|x86.ActiveCfg = Release|Any CPU
		{37E8DF32-0D37-418E-B976-10F4B36A0073}.Debug|Any CPU.ActiveCfg = Debug|Any CPU
		{37E8DF32-0D37-418E-B976-10F4B36A0073}.Debug|Any CPU.Build.0 = Debug|Any CPU
		{37E8DF32-0D37-418E-B976-10F4B36A0073}.Debug|x86.ActiveCfg = Debug|Any CPU
		{37E8DF32-0D37-418E-B976-10F4B36A0073}.DVD-5|Any CPU.ActiveCfg = Debug|Any CPU
		{37E8DF32-0D37-418E-B976-10F4B36A0073}.DVD-5|Any CPU.Build.0 = Debug|Any CPU
		{37E8DF32-0D37-418E-B976-10F4B36A0073}.DVD-5|x86.ActiveCfg = Debug|Any CPU
		{37E8DF32-0D37-418E-B976-10F4B36A0073}.Release|Any CPU.ActiveCfg = Release|Any CPU
		{37E8DF32-0D37-418E-B976-10F4B36A0073}.Release|Any CPU.Build.0 = Release|Any CPU
		{37E8DF32-0D37-418E-B976-10F4B36A0073}.Release|x86.ActiveCfg = Release|x86
		{37E8DF32-0D37-418E-B976-10F4B36A0073}.Release|x86.Build.0 = Release|x86
		{37E8DF32-0D37-418E-B976-10F4B36A0073}.Signed|Any CPU.ActiveCfg = Release|Any CPU
		{37E8DF32-0D37-418E-B976-10F4B36A0073}.Signed|Any CPU.Build.0 = Release|Any CPU
		{37E8DF32-0D37-418E-B976-10F4B36A0073}.Signed|x86.ActiveCfg = Release|Any CPU
		{37E8DF32-0D37-418E-B976-10F4B36A0073}.SingleImage|Any CPU.ActiveCfg = Release|Any CPU
		{37E8DF32-0D37-418E-B976-10F4B36A0073}.SingleImage|Any CPU.Build.0 = Release|Any CPU
		{37E8DF32-0D37-418E-B976-10F4B36A0073}.SingleImage|x86.ActiveCfg = Release|Any CPU
		{548FD833-9A3B-41BB-9850-570AFE9A91B7}.CD_ROM|Any CPU.ActiveCfg = Release|Any CPU
		{548FD833-9A3B-41BB-9850-570AFE9A91B7}.CD_ROM|Any CPU.Build.0 = Release|Any CPU
		{548FD833-9A3B-41BB-9850-570AFE9A91B7}.CD_ROM|x86.ActiveCfg = Release|Any CPU
		{548FD833-9A3B-41BB-9850-570AFE9A91B7}.Debug|Any CPU.ActiveCfg = Debug|Any CPU
		{548FD833-9A3B-41BB-9850-570AFE9A91B7}.Debug|Any CPU.Build.0 = Debug|Any CPU
		{548FD833-9A3B-41BB-9850-570AFE9A91B7}.Debug|x86.ActiveCfg = Debug|Any CPU
		{548FD833-9A3B-41BB-9850-570AFE9A91B7}.DVD-5|Any CPU.ActiveCfg = Debug|Any CPU
		{548FD833-9A3B-41BB-9850-570AFE9A91B7}.DVD-5|Any CPU.Build.0 = Debug|Any CPU
		{548FD833-9A3B-41BB-9850-570AFE9A91B7}.DVD-5|x86.ActiveCfg = Debug|Any CPU
		{548FD833-9A3B-41BB-9850-570AFE9A91B7}.Release|Any CPU.ActiveCfg = Release|Any CPU
		{548FD833-9A3B-41BB-9850-570AFE9A91B7}.Release|Any CPU.Build.0 = Release|Any CPU
		{548FD833-9A3B-41BB-9850-570AFE9A91B7}.Release|x86.ActiveCfg = Release|x86
		{548FD833-9A3B-41BB-9850-570AFE9A91B7}.Release|x86.Build.0 = Release|x86
		{548FD833-9A3B-41BB-9850-570AFE9A91B7}.Signed|Any CPU.ActiveCfg = Release|Any CPU
		{548FD833-9A3B-41BB-9850-570AFE9A91B7}.Signed|Any CPU.Build.0 = Release|Any CPU
		{548FD833-9A3B-41BB-9850-570AFE9A91B7}.Signed|x86.ActiveCfg = Release|Any CPU
		{548FD833-9A3B-41BB-9850-570AFE9A91B7}.SingleImage|Any CPU.ActiveCfg = Release|Any CPU
		{548FD833-9A3B-41BB-9850-570AFE9A91B7}.SingleImage|Any CPU.Build.0 = Release|Any CPU
		{548FD833-9A3B-41BB-9850-570AFE9A91B7}.SingleImage|x86.ActiveCfg = Release|Any CPU
		{2A089A59-0F22-4484-B442-0FE8BDA10879}.CD_ROM|Any CPU.ActiveCfg = Release|Any CPU
		{2A089A59-0F22-4484-B442-0FE8BDA10879}.CD_ROM|Any CPU.Build.0 = Release|Any CPU
		{2A089A59-0F22-4484-B442-0FE8BDA10879}.CD_ROM|x86.ActiveCfg = Release|Any CPU
		{2A089A59-0F22-4484-B442-0FE8BDA10879}.Debug|Any CPU.ActiveCfg = Debug|Any CPU
		{2A089A59-0F22-4484-B442-0FE8BDA10879}.Debug|Any CPU.Build.0 = Debug|Any CPU
		{2A089A59-0F22-4484-B442-0FE8BDA10879}.Debug|x86.ActiveCfg = Debug|Any CPU
		{2A089A59-0F22-4484-B442-0FE8BDA10879}.DVD-5|Any CPU.ActiveCfg = Debug|Any CPU
		{2A089A59-0F22-4484-B442-0FE8BDA10879}.DVD-5|Any CPU.Build.0 = Debug|Any CPU
		{2A089A59-0F22-4484-B442-0FE8BDA10879}.DVD-5|x86.ActiveCfg = Debug|Any CPU
		{2A089A59-0F22-4484-B442-0FE8BDA10879}.Release|Any CPU.ActiveCfg = Release|Any CPU
		{2A089A59-0F22-4484-B442-0FE8BDA10879}.Release|Any CPU.Build.0 = Release|Any CPU
		{2A089A59-0F22-4484-B442-0FE8BDA10879}.Release|x86.ActiveCfg = Release|x86
		{2A089A59-0F22-4484-B442-0FE8BDA10879}.Release|x86.Build.0 = Release|x86
		{2A089A59-0F22-4484-B442-0FE8BDA10879}.Signed|Any CPU.ActiveCfg = Release|Any CPU
		{2A089A59-0F22-4484-B442-0FE8BDA10879}.Signed|Any CPU.Build.0 = Release|Any CPU
		{2A089A59-0F22-4484-B442-0FE8BDA10879}.Signed|x86.ActiveCfg = Release|Any CPU
		{2A089A59-0F22-4484-B442-0FE8BDA10879}.SingleImage|Any CPU.ActiveCfg = Release|Any CPU
		{2A089A59-0F22-4484-B442-0FE8BDA10879}.SingleImage|Any CPU.Build.0 = Release|Any CPU
		{2A089A59-0F22-4484-B442-0FE8BDA10879}.SingleImage|x86.ActiveCfg = Release|Any CPU
		{EADC745A-47DD-4354-A387-06591DEBB797}.CD_ROM|Any CPU.ActiveCfg = Release|Any CPU
		{EADC745A-47DD-4354-A387-06591DEBB797}.CD_ROM|Any CPU.Build.0 = Release|Any CPU
		{EADC745A-47DD-4354-A387-06591DEBB797}.CD_ROM|x86.ActiveCfg = Release|Any CPU
		{EADC745A-47DD-4354-A387-06591DEBB797}.Debug|Any CPU.ActiveCfg = Debug|Any CPU
		{EADC745A-47DD-4354-A387-06591DEBB797}.Debug|Any CPU.Build.0 = Debug|Any CPU
		{EADC745A-47DD-4354-A387-06591DEBB797}.Debug|x86.ActiveCfg = Debug|Any CPU
		{EADC745A-47DD-4354-A387-06591DEBB797}.DVD-5|Any CPU.ActiveCfg = Debug|Any CPU
		{EADC745A-47DD-4354-A387-06591DEBB797}.DVD-5|Any CPU.Build.0 = Debug|Any CPU
		{EADC745A-47DD-4354-A387-06591DEBB797}.DVD-5|x86.ActiveCfg = Debug|Any CPU
		{EADC745A-47DD-4354-A387-06591DEBB797}.Release|Any CPU.ActiveCfg = Release|Any CPU
		{EADC745A-47DD-4354-A387-06591DEBB797}.Release|Any CPU.Build.0 = Release|Any CPU
		{EADC745A-47DD-4354-A387-06591DEBB797}.Release|x86.ActiveCfg = Release|Any CPU
		{EADC745A-47DD-4354-A387-06591DEBB797}.Signed|Any CPU.ActiveCfg = Release|Any CPU
		{EADC745A-47DD-4354-A387-06591DEBB797}.Signed|Any CPU.Build.0 = Release|Any CPU
		{EADC745A-47DD-4354-A387-06591DEBB797}.Signed|x86.ActiveCfg = Release|Any CPU
		{EADC745A-47DD-4354-A387-06591DEBB797}.SingleImage|Any CPU.ActiveCfg = Release|Any CPU
		{EADC745A-47DD-4354-A387-06591DEBB797}.SingleImage|Any CPU.Build.0 = Release|Any CPU
		{EADC745A-47DD-4354-A387-06591DEBB797}.SingleImage|x86.ActiveCfg = Release|Any CPU
		{7D918FA2-FE9C-4DF4-810D-902E0143F90A}.CD_ROM|Any CPU.ActiveCfg = Release|Any CPU
		{7D918FA2-FE9C-4DF4-810D-902E0143F90A}.CD_ROM|Any CPU.Build.0 = Release|Any CPU
		{7D918FA2-FE9C-4DF4-810D-902E0143F90A}.CD_ROM|x86.ActiveCfg = Release|Any CPU
		{7D918FA2-FE9C-4DF4-810D-902E0143F90A}.Debug|Any CPU.ActiveCfg = Debug|Any CPU
		{7D918FA2-FE9C-4DF4-810D-902E0143F90A}.Debug|Any CPU.Build.0 = Debug|Any CPU
		{7D918FA2-FE9C-4DF4-810D-902E0143F90A}.Debug|x86.ActiveCfg = Debug|Any CPU
		{7D918FA2-FE9C-4DF4-810D-902E0143F90A}.DVD-5|Any CPU.ActiveCfg = Debug|Any CPU
		{7D918FA2-FE9C-4DF4-810D-902E0143F90A}.DVD-5|Any CPU.Build.0 = Debug|Any CPU
		{7D918FA2-FE9C-4DF4-810D-902E0143F90A}.DVD-5|x86.ActiveCfg = Debug|Any CPU
		{7D918FA2-FE9C-4DF4-810D-902E0143F90A}.Release|Any CPU.ActiveCfg = Release|Any CPU
		{7D918FA2-FE9C-4DF4-810D-902E0143F90A}.Release|Any CPU.Build.0 = Release|Any CPU
		{7D918FA2-FE9C-4DF4-810D-902E0143F90A}.Release|x86.ActiveCfg = Release|Any CPU
		{7D918FA2-FE9C-4DF4-810D-902E0143F90A}.Signed|Any CPU.ActiveCfg = Release|Any CPU
		{7D918FA2-FE9C-4DF4-810D-902E0143F90A}.Signed|Any CPU.Build.0 = Release|Any CPU
		{7D918FA2-FE9C-4DF4-810D-902E0143F90A}.Signed|x86.ActiveCfg = Release|Any CPU
		{7D918FA2-FE9C-4DF4-810D-902E0143F90A}.SingleImage|Any CPU.ActiveCfg = Release|Any CPU
		{7D918FA2-FE9C-4DF4-810D-902E0143F90A}.SingleImage|Any CPU.Build.0 = Release|Any CPU
		{7D918FA2-FE9C-4DF4-810D-902E0143F90A}.SingleImage|x86.ActiveCfg = Release|Any CPU
		{C3D91C06-373D-4D54-AB3B-2AF5163CE917}.CD_ROM|Any CPU.ActiveCfg = Release|Any CPU
		{C3D91C06-373D-4D54-AB3B-2AF5163CE917}.CD_ROM|Any CPU.Build.0 = Release|Any CPU
		{C3D91C06-373D-4D54-AB3B-2AF5163CE917}.CD_ROM|x86.ActiveCfg = Release|Any CPU
		{C3D91C06-373D-4D54-AB3B-2AF5163CE917}.Debug|Any CPU.ActiveCfg = Debug|Any CPU
		{C3D91C06-373D-4D54-AB3B-2AF5163CE917}.Debug|Any CPU.Build.0 = Debug|Any CPU
		{C3D91C06-373D-4D54-AB3B-2AF5163CE917}.Debug|x86.ActiveCfg = Debug|Any CPU
		{C3D91C06-373D-4D54-AB3B-2AF5163CE917}.DVD-5|Any CPU.ActiveCfg = Debug|Any CPU
		{C3D91C06-373D-4D54-AB3B-2AF5163CE917}.DVD-5|Any CPU.Build.0 = Debug|Any CPU
		{C3D91C06-373D-4D54-AB3B-2AF5163CE917}.DVD-5|x86.ActiveCfg = Debug|Any CPU
		{C3D91C06-373D-4D54-AB3B-2AF5163CE917}.Release|Any CPU.ActiveCfg = Release|Any CPU
		{C3D91C06-373D-4D54-AB3B-2AF5163CE917}.Release|Any CPU.Build.0 = Release|Any CPU
		{C3D91C06-373D-4D54-AB3B-2AF5163CE917}.Release|x86.ActiveCfg = Release|Any CPU
		{C3D91C06-373D-4D54-AB3B-2AF5163CE917}.Signed|Any CPU.ActiveCfg = Release|Any CPU
		{C3D91C06-373D-4D54-AB3B-2AF5163CE917}.Signed|Any CPU.Build.0 = Release|Any CPU
		{C3D91C06-373D-4D54-AB3B-2AF5163CE917}.Signed|x86.ActiveCfg = Release|Any CPU
		{C3D91C06-373D-4D54-AB3B-2AF5163CE917}.SingleImage|Any CPU.ActiveCfg = Release|Any CPU
		{C3D91C06-373D-4D54-AB3B-2AF5163CE917}.SingleImage|Any CPU.Build.0 = Release|Any CPU
		{C3D91C06-373D-4D54-AB3B-2AF5163CE917}.SingleImage|x86.ActiveCfg = Release|Any CPU
	EndGlobalSection
	GlobalSection(SolutionProperties) = preSolution
		HideSolutionNode = FALSE
	EndGlobalSection
EndGlobal
