
Microsoft Visual Studio Solution File, Format Version 12.00
# Visual Studio 2013
VisualStudioVersion = 12.0.40629.0
MinimumVisualStudioVersion = 10.0.40219.1
Project("{FAE04EC0-301F-11D3-BF4B-00C04F79EFBC}") = "StatTag", "StatTag\StatTag.csproj", "{5DDB8DB2-68B0-4339-BFA7-71339FF7E95F}"
EndProject
Project("{FAE04EC0-301F-11D3-BF4B-00C04F79EFBC}") = "Core", "Core\Core.csproj", "{F77D97B2-EDA9-4F08-8765-41FF692DB52B}"
EndProject
Project("{FAE04EC0-301F-11D3-BF4B-00C04F79EFBC}") = "Core.Tests", "Core.Tests\Core.Tests.csproj", "{9FA3B48A-CA06-4F74-AD68-EF2053B160BC}"
EndProject
Project("{FAE04EC0-301F-11D3-BF4B-00C04F79EFBC}") = "Stata", "Stata\Stata.csproj", "{B3EEC6BD-9314-4BF4-9971-535A87E6DF5D}"
EndProject
Project("{6141683F-8A12-4E36-9623-2EB02B2C2303}") = "OfficeAddInSetup", "OfficeAddInSetup\OfficeAddInSetup.isproj", "{E02837A8-D747-4964-B17C-C914EE95D67D}"
	ProjectSection(ProjectDependencies) = postProject
		{F8A2E797-74D8-4FB3-B65F-2F0FB81033F7} = {F8A2E797-74D8-4FB3-B65F-2F0FB81033F7}
		{5DDB8DB2-68B0-4339-BFA7-71339FF7E95F} = {5DDB8DB2-68B0-4339-BFA7-71339FF7E95F}
		{F77D97B2-EDA9-4F08-8765-41FF692DB52B} = {F77D97B2-EDA9-4F08-8765-41FF692DB52B}
		{B3EEC6BD-9314-4BF4-9971-535A87E6DF5D} = {B3EEC6BD-9314-4BF4-9971-535A87E6DF5D}
	EndProjectSection
EndProject
Project("{FAE04EC0-301F-11D3-BF4B-00C04F79EFBC}") = "ScintillaNET", "..\ScintillaNET\src\ScintillaNET\ScintillaNET.csproj", "{22AE2386-60F1-476E-9303-61CDB0AAC4CF}"
EndProject
Project("{FAE04EC0-301F-11D3-BF4B-00C04F79EFBC}") = "SAS", "SAS\SAS.csproj", "{F8A2E797-74D8-4FB3-B65F-2F0FB81033F7}"
EndProject
Global
	GlobalSection(SolutionConfigurationPlatforms) = preSolution
		CD_ROM|Any CPU = CD_ROM|Any CPU
		Debug|Any CPU = Debug|Any CPU
		DVD-5|Any CPU = DVD-5|Any CPU
		Release|Any CPU = Release|Any CPU
		Signed|Any CPU = Signed|Any CPU
		SingleImage|Any CPU = SingleImage|Any CPU
	EndGlobalSection
	GlobalSection(ProjectConfigurationPlatforms) = postSolution
		{5DDB8DB2-68B0-4339-BFA7-71339FF7E95F}.CD_ROM|Any CPU.ActiveCfg = Release|Any CPU
		{5DDB8DB2-68B0-4339-BFA7-71339FF7E95F}.CD_ROM|Any CPU.Build.0 = Release|Any CPU
		{5DDB8DB2-68B0-4339-BFA7-71339FF7E95F}.Debug|Any CPU.ActiveCfg = Debug|Any CPU
		{5DDB8DB2-68B0-4339-BFA7-71339FF7E95F}.Debug|Any CPU.Build.0 = Debug|Any CPU
		{5DDB8DB2-68B0-4339-BFA7-71339FF7E95F}.DVD-5|Any CPU.ActiveCfg = Debug|Any CPU
		{5DDB8DB2-68B0-4339-BFA7-71339FF7E95F}.DVD-5|Any CPU.Build.0 = Debug|Any CPU
		{5DDB8DB2-68B0-4339-BFA7-71339FF7E95F}.Release|Any CPU.ActiveCfg = Release|Any CPU
		{5DDB8DB2-68B0-4339-BFA7-71339FF7E95F}.Release|Any CPU.Build.0 = Release|Any CPU
		{5DDB8DB2-68B0-4339-BFA7-71339FF7E95F}.Signed|Any CPU.ActiveCfg = Debug|Any CPU
		{5DDB8DB2-68B0-4339-BFA7-71339FF7E95F}.Signed|Any CPU.Build.0 = Debug|Any CPU
		{5DDB8DB2-68B0-4339-BFA7-71339FF7E95F}.SingleImage|Any CPU.ActiveCfg = Release|Any CPU
		{5DDB8DB2-68B0-4339-BFA7-71339FF7E95F}.SingleImage|Any CPU.Build.0 = Release|Any CPU
		{F77D97B2-EDA9-4F08-8765-41FF692DB52B}.CD_ROM|Any CPU.ActiveCfg = Release|Any CPU
		{F77D97B2-EDA9-4F08-8765-41FF692DB52B}.CD_ROM|Any CPU.Build.0 = Release|Any CPU
		{F77D97B2-EDA9-4F08-8765-41FF692DB52B}.Debug|Any CPU.ActiveCfg = Debug|Any CPU
		{F77D97B2-EDA9-4F08-8765-41FF692DB52B}.Debug|Any CPU.Build.0 = Debug|Any CPU
		{F77D97B2-EDA9-4F08-8765-41FF692DB52B}.DVD-5|Any CPU.ActiveCfg = Debug|Any CPU
		{F77D97B2-EDA9-4F08-8765-41FF692DB52B}.DVD-5|Any CPU.Build.0 = Debug|Any CPU
		{F77D97B2-EDA9-4F08-8765-41FF692DB52B}.Release|Any CPU.ActiveCfg = Release|Any CPU
		{F77D97B2-EDA9-4F08-8765-41FF692DB52B}.Release|Any CPU.Build.0 = Release|Any CPU
		{F77D97B2-EDA9-4F08-8765-41FF692DB52B}.Signed|Any CPU.ActiveCfg = Debug|Any CPU
		{F77D97B2-EDA9-4F08-8765-41FF692DB52B}.Signed|Any CPU.Build.0 = Debug|Any CPU
		{F77D97B2-EDA9-4F08-8765-41FF692DB52B}.SingleImage|Any CPU.ActiveCfg = Release|Any CPU
		{F77D97B2-EDA9-4F08-8765-41FF692DB52B}.SingleImage|Any CPU.Build.0 = Release|Any CPU
		{9FA3B48A-CA06-4F74-AD68-EF2053B160BC}.CD_ROM|Any CPU.ActiveCfg = Release|Any CPU
		{9FA3B48A-CA06-4F74-AD68-EF2053B160BC}.CD_ROM|Any CPU.Build.0 = Release|Any CPU
		{9FA3B48A-CA06-4F74-AD68-EF2053B160BC}.Debug|Any CPU.ActiveCfg = Debug|Any CPU
		{9FA3B48A-CA06-4F74-AD68-EF2053B160BC}.Debug|Any CPU.Build.0 = Debug|Any CPU
		{9FA3B48A-CA06-4F74-AD68-EF2053B160BC}.DVD-5|Any CPU.ActiveCfg = Debug|Any CPU
		{9FA3B48A-CA06-4F74-AD68-EF2053B160BC}.DVD-5|Any CPU.Build.0 = Debug|Any CPU
		{9FA3B48A-CA06-4F74-AD68-EF2053B160BC}.Release|Any CPU.ActiveCfg = Release|Any CPU
		{9FA3B48A-CA06-4F74-AD68-EF2053B160BC}.Release|Any CPU.Build.0 = Release|Any CPU
		{9FA3B48A-CA06-4F74-AD68-EF2053B160BC}.Signed|Any CPU.ActiveCfg = Debug|Any CPU
		{9FA3B48A-CA06-4F74-AD68-EF2053B160BC}.Signed|Any CPU.Build.0 = Debug|Any CPU
		{9FA3B48A-CA06-4F74-AD68-EF2053B160BC}.SingleImage|Any CPU.ActiveCfg = Release|Any CPU
		{9FA3B48A-CA06-4F74-AD68-EF2053B160BC}.SingleImage|Any CPU.Build.0 = Release|Any CPU
		{B3EEC6BD-9314-4BF4-9971-535A87E6DF5D}.CD_ROM|Any CPU.ActiveCfg = Release|Any CPU
		{B3EEC6BD-9314-4BF4-9971-535A87E6DF5D}.CD_ROM|Any CPU.Build.0 = Release|Any CPU
		{B3EEC6BD-9314-4BF4-9971-535A87E6DF5D}.Debug|Any CPU.ActiveCfg = Debug|Any CPU
		{B3EEC6BD-9314-4BF4-9971-535A87E6DF5D}.Debug|Any CPU.Build.0 = Debug|Any CPU
		{B3EEC6BD-9314-4BF4-9971-535A87E6DF5D}.DVD-5|Any CPU.ActiveCfg = Debug|Any CPU
		{B3EEC6BD-9314-4BF4-9971-535A87E6DF5D}.DVD-5|Any CPU.Build.0 = Debug|Any CPU
		{B3EEC6BD-9314-4BF4-9971-535A87E6DF5D}.Release|Any CPU.ActiveCfg = Release|Any CPU
		{B3EEC6BD-9314-4BF4-9971-535A87E6DF5D}.Release|Any CPU.Build.0 = Release|Any CPU
		{B3EEC6BD-9314-4BF4-9971-535A87E6DF5D}.Signed|Any CPU.ActiveCfg = Debug|Any CPU
		{B3EEC6BD-9314-4BF4-9971-535A87E6DF5D}.Signed|Any CPU.Build.0 = Debug|Any CPU
		{B3EEC6BD-9314-4BF4-9971-535A87E6DF5D}.SingleImage|Any CPU.ActiveCfg = Release|Any CPU
		{B3EEC6BD-9314-4BF4-9971-535A87E6DF5D}.SingleImage|Any CPU.Build.0 = Release|Any CPU
		{E02837A8-D747-4964-B17C-C914EE95D67D}.CD_ROM|Any CPU.ActiveCfg = CD_ROM
		{E02837A8-D747-4964-B17C-C914EE95D67D}.CD_ROM|Any CPU.Build.0 = CD_ROM
		{E02837A8-D747-4964-B17C-C914EE95D67D}.Debug|Any CPU.ActiveCfg = SingleImage
		{E02837A8-D747-4964-B17C-C914EE95D67D}.Debug|Any CPU.Build.0 = SingleImage
		{E02837A8-D747-4964-B17C-C914EE95D67D}.DVD-5|Any CPU.ActiveCfg = DVD-5
		{E02837A8-D747-4964-B17C-C914EE95D67D}.DVD-5|Any CPU.Build.0 = DVD-5
		{E02837A8-D747-4964-B17C-C914EE95D67D}.Release|Any CPU.ActiveCfg = SingleImage
		{E02837A8-D747-4964-B17C-C914EE95D67D}.Release|Any CPU.Build.0 = SingleImage
		{E02837A8-D747-4964-B17C-C914EE95D67D}.Signed|Any CPU.ActiveCfg = SingleImage
		{E02837A8-D747-4964-B17C-C914EE95D67D}.SingleImage|Any CPU.ActiveCfg = SingleImage
		{E02837A8-D747-4964-B17C-C914EE95D67D}.SingleImage|Any CPU.Build.0 = SingleImage
		{22AE2386-60F1-476E-9303-61CDB0AAC4CF}.CD_ROM|Any CPU.ActiveCfg = Signed|Any CPU
		{22AE2386-60F1-476E-9303-61CDB0AAC4CF}.CD_ROM|Any CPU.Build.0 = Signed|Any CPU
		{22AE2386-60F1-476E-9303-61CDB0AAC4CF}.Debug|Any CPU.ActiveCfg = Debug|Any CPU
		{22AE2386-60F1-476E-9303-61CDB0AAC4CF}.Debug|Any CPU.Build.0 = Debug|Any CPU
		{22AE2386-60F1-476E-9303-61CDB0AAC4CF}.DVD-5|Any CPU.ActiveCfg = Debug|Any CPU
		{22AE2386-60F1-476E-9303-61CDB0AAC4CF}.DVD-5|Any CPU.Build.0 = Debug|Any CPU
		{22AE2386-60F1-476E-9303-61CDB0AAC4CF}.Release|Any CPU.ActiveCfg = Release|Any CPU
		{22AE2386-60F1-476E-9303-61CDB0AAC4CF}.Release|Any CPU.Build.0 = Release|Any CPU
		{22AE2386-60F1-476E-9303-61CDB0AAC4CF}.Signed|Any CPU.ActiveCfg = Signed|Any CPU
		{22AE2386-60F1-476E-9303-61CDB0AAC4CF}.Signed|Any CPU.Build.0 = Signed|Any CPU
		{22AE2386-60F1-476E-9303-61CDB0AAC4CF}.SingleImage|Any CPU.ActiveCfg = Signed|Any CPU
		{22AE2386-60F1-476E-9303-61CDB0AAC4CF}.SingleImage|Any CPU.Build.0 = Signed|Any CPU
		{F8A2E797-74D8-4FB3-B65F-2F0FB81033F7}.CD_ROM|Any CPU.ActiveCfg = Release|Any CPU
		{F8A2E797-74D8-4FB3-B65F-2F0FB81033F7}.CD_ROM|Any CPU.Build.0 = Release|Any CPU
		{F8A2E797-74D8-4FB3-B65F-2F0FB81033F7}.Debug|Any CPU.ActiveCfg = Debug|Any CPU
		{F8A2E797-74D8-4FB3-B65F-2F0FB81033F7}.Debug|Any CPU.Build.0 = Debug|Any CPU
		{F8A2E797-74D8-4FB3-B65F-2F0FB81033F7}.DVD-5|Any CPU.ActiveCfg = Debug|Any CPU
		{F8A2E797-74D8-4FB3-B65F-2F0FB81033F7}.DVD-5|Any CPU.Build.0 = Debug|Any CPU
		{F8A2E797-74D8-4FB3-B65F-2F0FB81033F7}.Release|Any CPU.ActiveCfg = Release|Any CPU
		{F8A2E797-74D8-4FB3-B65F-2F0FB81033F7}.Release|Any CPU.Build.0 = Release|Any CPU
		{F8A2E797-74D8-4FB3-B65F-2F0FB81033F7}.Signed|Any CPU.ActiveCfg = Release|Any CPU
		{F8A2E797-74D8-4FB3-B65F-2F0FB81033F7}.Signed|Any CPU.Build.0 = Release|Any CPU
		{F8A2E797-74D8-4FB3-B65F-2F0FB81033F7}.SingleImage|Any CPU.ActiveCfg = Release|Any CPU
		{F8A2E797-74D8-4FB3-B65F-2F0FB81033F7}.SingleImage|Any CPU.Build.0 = Release|Any CPU
	EndGlobalSection
	GlobalSection(SolutionProperties) = preSolution
		HideSolutionNode = FALSE
	EndGlobalSection
EndGlobal
